
Microsoft Visual Studio Solution File, Format Version 12.00
# Visual Studio Version 17
VisualStudioVersion = 17.3.32922.545
MinimumVisualStudioVersion = 10.0.40219.1
Project("{FAE04EC0-301F-11D3-BF4B-00C04F79EFBC}") = "combatGame", "combatGame.csproj", "{530E6157-BA14-4428-836F-2A54E8C77EBD}"
EndProject
Global
	GlobalSection(SolutionConfigurationPlatforms) = preSolution
		Debug|Any CPU = Debug|Any CPU
		Release|Any CPU = Release|Any CPU
	EndGlobalSection
	GlobalSection(ProjectConfigurationPlatforms) = postSolution
		{530E6157-BA14-4428-836F-2A54E8C77EBD}.Debug|Any CPU.ActiveCfg = Debug|Any CPU
		{530E6157-BA14-4428-836F-2A54E8C77EBD}.Debug|Any CPU.Build.0 = Debug|Any CPU
		{530E6157-BA14-4428-836F-2A54E8C77EBD}.Release|Any CPU.ActiveCfg = Release|Any CPU
		{530E6157-BA14-4428-836F-2A54E8C77EBD}.Release|Any CPU.Build.0 = Release|Any CPU
	EndGlobalSection
	GlobalSection(SolutionProperties) = preSolution
		HideSolutionNode = FALSE
	EndGlobalSection
	GlobalSection(ExtensibilityGlobals) = postSolution
		SolutionGuid = {33DF00AE-4C18-4E8B-9026-F011F4C92F4B}
	EndGlobalSection
EndGlobal
